// !$*UTF8*$!
{
	archiveVersion = 1;
	classes = {
	};
	objectVersion = 50;
	objects = {

/* Begin PBXBuildFile section */
		9CD7CE84BB79D112F46EAB91 /* Pods_RaView.framework in Frameworks */ = {isa = PBXBuildFile; fileRef = 83EC25F6DAA4A30CCDD65B5A /* Pods_RaView.framework */; settings = {ATTRIBUTES = (Required, ); }; };
		C86D6DD79A0A561821AE6288 /* Pods_RaViewUITests.framework in Frameworks */ = {isa = PBXBuildFile; fileRef = 607C0110FB179A47086CA47E /* Pods_RaViewUITests.framework */; };
		CA166C63221EBEB70038DD3C /* AppDelegate.swift in Sources */ = {isa = PBXBuildFile; fileRef = CA166C62221EBEB70038DD3C /* AppDelegate.swift */; };
		CA166C65221EBEB70038DD3C /* FirstViewController.swift in Sources */ = {isa = PBXBuildFile; fileRef = CA166C64221EBEB70038DD3C /* FirstViewController.swift */; };
		CA166C6A221EBEB90038DD3C /* Assets.xcassets in Resources */ = {isa = PBXBuildFile; fileRef = CA166C69221EBEB90038DD3C /* Assets.xcassets */; };
		CA166C6D221EBEB90038DD3C /* LaunchScreen.storyboard in Resources */ = {isa = PBXBuildFile; fileRef = CA166C6B221EBEB90038DD3C /* LaunchScreen.storyboard */; };
		CA166C78221EBEBA0038DD3C /* RaViewTests.swift in Sources */ = {isa = PBXBuildFile; fileRef = CA166C77221EBEBA0038DD3C /* RaViewTests.swift */; };
		CA166C83221EBEBA0038DD3C /* RaViewUITests.swift in Sources */ = {isa = PBXBuildFile; fileRef = CA166C82221EBEBA0038DD3C /* RaViewUITests.swift */; };
		CA97BC132226F5A100E304FF /* First.storyboard in Resources */ = {isa = PBXBuildFile; fileRef = CA97BC112226F5A100E304FF /* First.storyboard */; };
		CA97BD402229225300E304FF /* SecondViewContrller.swift in Sources */ = {isa = PBXBuildFile; fileRef = CA97BD3F2229225300E304FF /* SecondViewContrller.swift */; };
		CA97BD42222922E200E304FF /* ThirdViewController.swift in Sources */ = {isa = PBXBuildFile; fileRef = CA97BD41222922E200E304FF /* ThirdViewController.swift */; };
		CA97BD4422292DB600E304FF /* Second.storyboard in Resources */ = {isa = PBXBuildFile; fileRef = CA97BD4322292DB600E304FF /* Second.storyboard */; };
		CA97BD4622292DC600E304FF /* Third.storyboard in Resources */ = {isa = PBXBuildFile; fileRef = CA97BD4522292DC600E304FF /* Third.storyboard */; };
		CA97BD4822293D8E00E304FF /* CustomNavigationController.swift in Sources */ = {isa = PBXBuildFile; fileRef = CA97BD4722293D8E00E304FF /* CustomNavigationController.swift */; };
		CA97BD4A22293F9100E304FF /* CustomNavigationBar.swift in Sources */ = {isa = PBXBuildFile; fileRef = CA97BD4922293F9100E304FF /* CustomNavigationBar.swift */; };
		CA97BD4C222948D900E304FF /* MainTabBarController.swift in Sources */ = {isa = PBXBuildFile; fileRef = CA97BD4B222948D900E304FF /* MainTabBarController.swift */; };
		CA97BD4E2233624800E304FF /* GoogleService-Info.plist in Resources */ = {isa = PBXBuildFile; fileRef = CA97BD4D2233624700E304FF /* GoogleService-Info.plist */; };
		CA97BD5122477BD500E304FF /* PostViewController.swift in Sources */ = {isa = PBXBuildFile; fileRef = CA97BD5022477BD500E304FF /* PostViewController.swift */; };
		CA97BD5322477FA400E304FF /* Post.storyboard in Resources */ = {isa = PBXBuildFile; fileRef = CA97BD5222477FA400E304FF /* Post.storyboard */; };
		CD1CC66EFA7212CF21C00C0F /* Pods_RaViewTests.framework in Frameworks */ = {isa = PBXBuildFile; fileRef = 98E3C5BA1BDE011A773FF341 /* Pods_RaViewTests.framework */; };
/* End PBXBuildFile section */

/* Begin PBXContainerItemProxy section */
		CA166C74221EBEBA0038DD3C /* PBXContainerItemProxy */ = {
			isa = PBXContainerItemProxy;
			containerPortal = CA166C57221EBEB70038DD3C /* Project object */;
			proxyType = 1;
			remoteGlobalIDString = CA166C5E221EBEB70038DD3C;
			remoteInfo = RaView;
		};
		CA166C7F221EBEBA0038DD3C /* PBXContainerItemProxy */ = {
			isa = PBXContainerItemProxy;
			containerPortal = CA166C57221EBEB70038DD3C /* Project object */;
			proxyType = 1;
			remoteGlobalIDString = CA166C5E221EBEB70038DD3C;
			remoteInfo = RaView;
		};
/* End PBXContainerItemProxy section */

/* Begin PBXFileReference section */
		45074C71FCD05B4C23F8875E /* Pods-RaView.debug.xcconfig */ = {isa = PBXFileReference; includeInIndex = 1; lastKnownFileType = text.xcconfig; name = "Pods-RaView.debug.xcconfig"; path = "Target Support Files/Pods-RaView/Pods-RaView.debug.xcconfig"; sourceTree = "<group>"; };
		483D4803F228B34B29FDF719 /* Pods-RaView.release.xcconfig */ = {isa = PBXFileReference; includeInIndex = 1; lastKnownFileType = text.xcconfig; name = "Pods-RaView.release.xcconfig"; path = "Target Support Files/Pods-RaView/Pods-RaView.release.xcconfig"; sourceTree = "<group>"; };
		607C0110FB179A47086CA47E /* Pods_RaViewUITests.framework */ = {isa = PBXFileReference; explicitFileType = wrapper.framework; includeInIndex = 0; path = Pods_RaViewUITests.framework; sourceTree = BUILT_PRODUCTS_DIR; };
		83EC25F6DAA4A30CCDD65B5A /* Pods_RaView.framework */ = {isa = PBXFileReference; explicitFileType = wrapper.framework; includeInIndex = 0; path = Pods_RaView.framework; sourceTree = BUILT_PRODUCTS_DIR; };
		98E3C5BA1BDE011A773FF341 /* Pods_RaViewTests.framework */ = {isa = PBXFileReference; explicitFileType = wrapper.framework; includeInIndex = 0; path = Pods_RaViewTests.framework; sourceTree = BUILT_PRODUCTS_DIR; };
		CA166C5F221EBEB70038DD3C /* RaView.app */ = {isa = PBXFileReference; explicitFileType = wrapper.application; includeInIndex = 0; path = RaView.app; sourceTree = BUILT_PRODUCTS_DIR; };
		CA166C62221EBEB70038DD3C /* AppDelegate.swift */ = {isa = PBXFileReference; lastKnownFileType = sourcecode.swift; path = AppDelegate.swift; sourceTree = "<group>"; };
		CA166C64221EBEB70038DD3C /* FirstViewController.swift */ = {isa = PBXFileReference; lastKnownFileType = sourcecode.swift; path = FirstViewController.swift; sourceTree = "<group>"; };
		CA166C69221EBEB90038DD3C /* Assets.xcassets */ = {isa = PBXFileReference; lastKnownFileType = folder.assetcatalog; path = Assets.xcassets; sourceTree = "<group>"; };
		CA166C6C221EBEB90038DD3C /* Base */ = {isa = PBXFileReference; lastKnownFileType = file.storyboard; name = Base; path = Base.lproj/LaunchScreen.storyboard; sourceTree = "<group>"; };
		CA166C6E221EBEB90038DD3C /* Info.plist */ = {isa = PBXFileReference; lastKnownFileType = text.plist.xml; path = Info.plist; sourceTree = "<group>"; };
		CA166C73221EBEBA0038DD3C /* RaViewTests.xctest */ = {isa = PBXFileReference; explicitFileType = wrapper.cfbundle; includeInIndex = 0; path = RaViewTests.xctest; sourceTree = BUILT_PRODUCTS_DIR; };
		CA166C77221EBEBA0038DD3C /* RaViewTests.swift */ = {isa = PBXFileReference; lastKnownFileType = sourcecode.swift; path = RaViewTests.swift; sourceTree = "<group>"; };
		CA166C79221EBEBA0038DD3C /* Info.plist */ = {isa = PBXFileReference; lastKnownFileType = text.plist.xml; path = Info.plist; sourceTree = "<group>"; };
		CA166C7E221EBEBA0038DD3C /* RaViewUITests.xctest */ = {isa = PBXFileReference; explicitFileType = wrapper.cfbundle; includeInIndex = 0; path = RaViewUITests.xctest; sourceTree = BUILT_PRODUCTS_DIR; };
		CA166C82221EBEBA0038DD3C /* RaViewUITests.swift */ = {isa = PBXFileReference; lastKnownFileType = sourcecode.swift; path = RaViewUITests.swift; sourceTree = "<group>"; };
		CA166C84221EBEBA0038DD3C /* Info.plist */ = {isa = PBXFileReference; lastKnownFileType = text.plist.xml; path = Info.plist; sourceTree = "<group>"; };
		CA97BBFE2226787E00E304FF /* LICENSE */ = {isa = PBXFileReference; lastKnownFileType = text; path = LICENSE; sourceTree = "<group>"; };
		CA97BC002226787E00E304FF /* FontAwesomeBarButtonItem.swift */ = {isa = PBXFileReference; lastKnownFileType = sourcecode.swift; path = FontAwesomeBarButtonItem.swift; sourceTree = "<group>"; };
		CA97BC012226787E00E304FF /* FontAwesomeSegmentedControl.swift */ = {isa = PBXFileReference; lastKnownFileType = sourcecode.swift; path = FontAwesomeSegmentedControl.swift; sourceTree = "<group>"; };
		CA97BC022226787E00E304FF /* FontAwesomeView.swift */ = {isa = PBXFileReference; lastKnownFileType = sourcecode.swift; path = FontAwesomeView.swift; sourceTree = "<group>"; };
		CA97BC032226787E00E304FF /* FontAwesomeExtension.swift */ = {isa = PBXFileReference; lastKnownFileType = sourcecode.swift; path = FontAwesomeExtension.swift; sourceTree = "<group>"; };
		CA97BC042226787E00E304FF /* FontAwesomeTabBarItem.swift */ = {isa = PBXFileReference; lastKnownFileType = sourcecode.swift; path = FontAwesomeTabBarItem.swift; sourceTree = "<group>"; };
		CA97BC052226787E00E304FF /* FontAwesomeImageRepresentable.swift */ = {isa = PBXFileReference; lastKnownFileType = sourcecode.swift; path = FontAwesomeImageRepresentable.swift; sourceTree = "<group>"; };
		CA97BC062226787E00E304FF /* FontAwesomeImageView.swift */ = {isa = PBXFileReference; lastKnownFileType = sourcecode.swift; path = FontAwesomeImageView.swift; sourceTree = "<group>"; };
		CA97BC072226787E00E304FF /* Font Awesome 5 Brands-Regular-400.otf */ = {isa = PBXFileReference; lastKnownFileType = file; path = "Font Awesome 5 Brands-Regular-400.otf"; sourceTree = "<group>"; };
		CA97BC082226787E00E304FF /* Font Awesome 5 Free-Solid-900.otf */ = {isa = PBXFileReference; lastKnownFileType = file; path = "Font Awesome 5 Free-Solid-900.otf"; sourceTree = "<group>"; };
		CA97BC092226787E00E304FF /* FontAwesomeTextRepresentable.swift */ = {isa = PBXFileReference; lastKnownFileType = sourcecode.swift; path = FontAwesomeTextRepresentable.swift; sourceTree = "<group>"; };
		CA97BC0A2226787E00E304FF /* Font Awesome 5 Free-Regular-400.otf */ = {isa = PBXFileReference; lastKnownFileType = file; path = "Font Awesome 5 Free-Regular-400.otf"; sourceTree = "<group>"; };
		CA97BC0B2226787E00E304FF /* FontAwesome.swift */ = {isa = PBXFileReference; lastKnownFileType = sourcecode.swift; path = FontAwesome.swift; sourceTree = "<group>"; };
		CA97BC0C2226787E00E304FF /* FontAwesomeStateRequirement.swift */ = {isa = PBXFileReference; lastKnownFileType = sourcecode.swift; path = FontAwesomeStateRequirement.swift; sourceTree = "<group>"; };
		CA97BC0D2226787E00E304FF /* Enum.swift */ = {isa = PBXFileReference; lastKnownFileType = sourcecode.swift; path = Enum.swift; sourceTree = "<group>"; };
		CA97BC0E2226787E00E304FF /* README.md */ = {isa = PBXFileReference; lastKnownFileType = net.daringfireball.markdown; path = README.md; sourceTree = "<group>"; };
		CA97BC122226F5A100E304FF /* Base */ = {isa = PBXFileReference; lastKnownFileType = file.storyboard; name = Base; path = RaView/Base.lproj/First.storyboard; sourceTree = "<group>"; };
		CA97BD3F2229225300E304FF /* SecondViewContrller.swift */ = {isa = PBXFileReference; lastKnownFileType = sourcecode.swift; path = SecondViewContrller.swift; sourceTree = "<group>"; };
		CA97BD41222922E200E304FF /* ThirdViewController.swift */ = {isa = PBXFileReference; lastKnownFileType = sourcecode.swift; path = ThirdViewController.swift; sourceTree = "<group>"; };
		CA97BD4322292DB600E304FF /* Second.storyboard */ = {isa = PBXFileReference; lastKnownFileType = file.storyboard; path = Second.storyboard; sourceTree = "<group>"; };
		CA97BD4522292DC600E304FF /* Third.storyboard */ = {isa = PBXFileReference; lastKnownFileType = file.storyboard; path = Third.storyboard; sourceTree = "<group>"; };
		CA97BD4722293D8E00E304FF /* CustomNavigationController.swift */ = {isa = PBXFileReference; lastKnownFileType = sourcecode.swift; path = CustomNavigationController.swift; sourceTree = "<group>"; };
		CA97BD4922293F9100E304FF /* CustomNavigationBar.swift */ = {isa = PBXFileReference; lastKnownFileType = sourcecode.swift; path = CustomNavigationBar.swift; sourceTree = "<group>"; };
		CA97BD4B222948D900E304FF /* MainTabBarController.swift */ = {isa = PBXFileReference; lastKnownFileType = sourcecode.swift; path = MainTabBarController.swift; sourceTree = "<group>"; };
		CA97BD4D2233624700E304FF /* GoogleService-Info.plist */ = {isa = PBXFileReference; fileEncoding = 4; lastKnownFileType = text.plist.xml; path = "GoogleService-Info.plist"; sourceTree = "<group>"; };
		CA97BD5022477BD500E304FF /* PostViewController.swift */ = {isa = PBXFileReference; lastKnownFileType = sourcecode.swift; path = PostViewController.swift; sourceTree = "<group>"; };
		CA97BD5222477FA400E304FF /* Post.storyboard */ = {isa = PBXFileReference; lastKnownFileType = file.storyboard; path = Post.storyboard; sourceTree = "<group>"; };
		DF1DA9239B252D13FD847537 /* Pods-RaViewTests.debug.xcconfig */ = {isa = PBXFileReference; includeInIndex = 1; lastKnownFileType = text.xcconfig; name = "Pods-RaViewTests.debug.xcconfig"; path = "Target Support Files/Pods-RaViewTests/Pods-RaViewTests.debug.xcconfig"; sourceTree = "<group>"; };
		E8C37C929C5028774AE7CD8D /* Pods-RaViewUITests.release.xcconfig */ = {isa = PBXFileReference; includeInIndex = 1; lastKnownFileType = text.xcconfig; name = "Pods-RaViewUITests.release.xcconfig"; path = "Target Support Files/Pods-RaViewUITests/Pods-RaViewUITests.release.xcconfig"; sourceTree = "<group>"; };
		FA73A28ACAC7E41B097F0E7E /* Pods-RaViewUITests.debug.xcconfig */ = {isa = PBXFileReference; includeInIndex = 1; lastKnownFileType = text.xcconfig; name = "Pods-RaViewUITests.debug.xcconfig"; path = "Target Support Files/Pods-RaViewUITests/Pods-RaViewUITests.debug.xcconfig"; sourceTree = "<group>"; };
		FDBD4DC7E5472A549254B226 /* Pods-RaViewTests.release.xcconfig */ = {isa = PBXFileReference; includeInIndex = 1; lastKnownFileType = text.xcconfig; name = "Pods-RaViewTests.release.xcconfig"; path = "Target Support Files/Pods-RaViewTests/Pods-RaViewTests.release.xcconfig"; sourceTree = "<group>"; };
/* End PBXFileReference section */

/* Begin PBXFrameworksBuildPhase section */
		CA166C5C221EBEB70038DD3C /* Frameworks */ = {
			isa = PBXFrameworksBuildPhase;
			buildActionMask = 2147483647;
			files = (
				9CD7CE84BB79D112F46EAB91 /* Pods_RaView.framework in Frameworks */,
			);
			runOnlyForDeploymentPostprocessing = 0;
		};
		CA166C70221EBEBA0038DD3C /* Frameworks */ = {
			isa = PBXFrameworksBuildPhase;
			buildActionMask = 2147483647;
			files = (
				CD1CC66EFA7212CF21C00C0F /* Pods_RaViewTests.framework in Frameworks */,
			);
			runOnlyForDeploymentPostprocessing = 0;
		};
		CA166C7B221EBEBA0038DD3C /* Frameworks */ = {
			isa = PBXFrameworksBuildPhase;
			buildActionMask = 2147483647;
			files = (
				C86D6DD79A0A561821AE6288 /* Pods_RaViewUITests.framework in Frameworks */,
			);
			runOnlyForDeploymentPostprocessing = 0;
		};
/* End PBXFrameworksBuildPhase section */

/* Begin PBXGroup section */
		BDD47E8164E2443967F8BC8E /* Pods */ = {
			isa = PBXGroup;
			children = (
				45074C71FCD05B4C23F8875E /* Pods-RaView.debug.xcconfig */,
				483D4803F228B34B29FDF719 /* Pods-RaView.release.xcconfig */,
				DF1DA9239B252D13FD847537 /* Pods-RaViewTests.debug.xcconfig */,
				FDBD4DC7E5472A549254B226 /* Pods-RaViewTests.release.xcconfig */,
				FA73A28ACAC7E41B097F0E7E /* Pods-RaViewUITests.debug.xcconfig */,
				E8C37C929C5028774AE7CD8D /* Pods-RaViewUITests.release.xcconfig */,
			);
			path = Pods;
			sourceTree = "<group>";
		};
		C80CBDFA16968AD466E1AED3 /* Frameworks */ = {
			isa = PBXGroup;
			children = (
				CA97BBFD2226787E00E304FF /* FontAwesome.swift */,
				83EC25F6DAA4A30CCDD65B5A /* Pods_RaView.framework */,
				98E3C5BA1BDE011A773FF341 /* Pods_RaViewTests.framework */,
				607C0110FB179A47086CA47E /* Pods_RaViewUITests.framework */,
			);
			name = Frameworks;
			sourceTree = "<group>";
		};
		CA166C56221EBEB70038DD3C = {
			isa = PBXGroup;
			children = (
				CA166C61221EBEB70038DD3C /* RaView */,
				CA166C76221EBEBA0038DD3C /* RaViewTests */,
				CA166C81221EBEBA0038DD3C /* RaViewUITests */,
				CA166C60221EBEB70038DD3C /* Products */,
				BDD47E8164E2443967F8BC8E /* Pods */,
				C80CBDFA16968AD466E1AED3 /* Frameworks */,
			);
			sourceTree = "<group>";
		};
		CA166C60221EBEB70038DD3C /* Products */ = {
			isa = PBXGroup;
			children = (
				CA166C5F221EBEB70038DD3C /* RaView.app */,
				CA166C73221EBEBA0038DD3C /* RaViewTests.xctest */,
				CA166C7E221EBEBA0038DD3C /* RaViewUITests.xctest */,
			);
			name = Products;
			sourceTree = "<group>";
		};
		CA166C61221EBEB70038DD3C /* RaView */ = {
			isa = PBXGroup;
			children = (
				CA166C62221EBEB70038DD3C /* AppDelegate.swift */,
				CA97BD4722293D8E00E304FF /* CustomNavigationController.swift */,
				CA97BD4922293F9100E304FF /* CustomNavigationBar.swift */,
				CA97BD4B222948D900E304FF /* MainTabBarController.swift */,
				CA166C64221EBEB70038DD3C /* FirstViewController.swift */,
				CA97BC112226F5A100E304FF /* First.storyboard */,
				CA97BD3F2229225300E304FF /* SecondViewContrller.swift */,
				CA97BD4322292DB600E304FF /* Second.storyboard */,
				CA97BD41222922E200E304FF /* ThirdViewController.swift */,
				CA97BD4522292DC600E304FF /* Third.storyboard */,
				CA97BD5022477BD500E304FF /* PostViewController.swift */,
				CA97BD5222477FA400E304FF /* Post.storyboard */,
				CA166C6B221EBEB90038DD3C /* LaunchScreen.storyboard */,
				CA166C69221EBEB90038DD3C /* Assets.xcassets */,
				CA166C6E221EBEB90038DD3C /* Info.plist */,
				CA97BD4D2233624700E304FF /* GoogleService-Info.plist */,
			);
			path = RaView;
			sourceTree = "<group>";
		};
		CA166C76221EBEBA0038DD3C /* RaViewTests */ = {
			isa = PBXGroup;
			children = (
				CA166C77221EBEBA0038DD3C /* RaViewTests.swift */,
				CA166C79221EBEBA0038DD3C /* Info.plist */,
			);
			path = RaViewTests;
			sourceTree = "<group>";
		};
		CA166C81221EBEBA0038DD3C /* RaViewUITests */ = {
			isa = PBXGroup;
			children = (
				CA166C82221EBEBA0038DD3C /* RaViewUITests.swift */,
				CA166C84221EBEBA0038DD3C /* Info.plist */,
			);
			path = RaViewUITests;
			sourceTree = "<group>";
		};
		CA97BBFD2226787E00E304FF /* FontAwesome.swift */ = {
			isa = PBXGroup;
			children = (
				CA97BBFE2226787E00E304FF /* LICENSE */,
				CA97BBFF2226787E00E304FF /* FontAwesome */,
				CA97BC0E2226787E00E304FF /* README.md */,
			);
			name = FontAwesome.swift;
			path = Pods/FontAwesome.swift;
			sourceTree = "<group>";
		};
		CA97BBFF2226787E00E304FF /* FontAwesome */ = {
			isa = PBXGroup;
			children = (
				CA97BC002226787E00E304FF /* FontAwesomeBarButtonItem.swift */,
				CA97BC012226787E00E304FF /* FontAwesomeSegmentedControl.swift */,
				CA97BC022226787E00E304FF /* FontAwesomeView.swift */,
				CA97BC032226787E00E304FF /* FontAwesomeExtension.swift */,
				CA97BC042226787E00E304FF /* FontAwesomeTabBarItem.swift */,
				CA97BC052226787E00E304FF /* FontAwesomeImageRepresentable.swift */,
				CA97BC062226787E00E304FF /* FontAwesomeImageView.swift */,
				CA97BC072226787E00E304FF /* Font Awesome 5 Brands-Regular-400.otf */,
				CA97BC082226787E00E304FF /* Font Awesome 5 Free-Solid-900.otf */,
				CA97BC092226787E00E304FF /* FontAwesomeTextRepresentable.swift */,
				CA97BC0A2226787E00E304FF /* Font Awesome 5 Free-Regular-400.otf */,
				CA97BC0B2226787E00E304FF /* FontAwesome.swift */,
				CA97BC0C2226787E00E304FF /* FontAwesomeStateRequirement.swift */,
				CA97BC0D2226787E00E304FF /* Enum.swift */,
			);
			path = FontAwesome;
			sourceTree = "<group>";
		};
/* End PBXGroup section */

/* Begin PBXNativeTarget section */
		CA166C5E221EBEB70038DD3C /* RaView */ = {
			isa = PBXNativeTarget;
			buildConfigurationList = CA166C87221EBEBA0038DD3C /* Build configuration list for PBXNativeTarget "RaView" */;
			buildPhases = (
				B95A4FFA2A40F8431EEF0CC1 /* [CP] Check Pods Manifest.lock */,
				CA166C5B221EBEB70038DD3C /* Sources */,
				CA166C5C221EBEB70038DD3C /* Frameworks */,
				CA166C5D221EBEB70038DD3C /* Resources */,
				117BD36D2D132CF312CE15A4 /* [CP] Embed Pods Frameworks */,
			);
			buildRules = (
			);
			dependencies = (
			);
			name = RaView;
			productName = RaView;
			productReference = CA166C5F221EBEB70038DD3C /* RaView.app */;
			productType = "com.apple.product-type.application";
		};
		CA166C72221EBEBA0038DD3C /* RaViewTests */ = {
			isa = PBXNativeTarget;
			buildConfigurationList = CA166C8A221EBEBA0038DD3C /* Build configuration list for PBXNativeTarget "RaViewTests" */;
			buildPhases = (
				D07DE31B1A849D2D7D4AD6B2 /* [CP] Check Pods Manifest.lock */,
				CA166C6F221EBEBA0038DD3C /* Sources */,
				CA166C70221EBEBA0038DD3C /* Frameworks */,
				CA166C71221EBEBA0038DD3C /* Resources */,
			);
			buildRules = (
			);
			dependencies = (
				CA166C75221EBEBA0038DD3C /* PBXTargetDependency */,
			);
			name = RaViewTests;
			productName = RaViewTests;
			productReference = CA166C73221EBEBA0038DD3C /* RaViewTests.xctest */;
			productType = "com.apple.product-type.bundle.unit-test";
		};
		CA166C7D221EBEBA0038DD3C /* RaViewUITests */ = {
			isa = PBXNativeTarget;
			buildConfigurationList = CA166C8D221EBEBA0038DD3C /* Build configuration list for PBXNativeTarget "RaViewUITests" */;
			buildPhases = (
				61D64BC418F0A4CC6A0B7AA2 /* [CP] Check Pods Manifest.lock */,
				CA166C7A221EBEBA0038DD3C /* Sources */,
				CA166C7B221EBEBA0038DD3C /* Frameworks */,
				CA166C7C221EBEBA0038DD3C /* Resources */,
			);
			buildRules = (
			);
			dependencies = (
				CA166C80221EBEBA0038DD3C /* PBXTargetDependency */,
			);
			name = RaViewUITests;
			productName = RaViewUITests;
			productReference = CA166C7E221EBEBA0038DD3C /* RaViewUITests.xctest */;
			productType = "com.apple.product-type.bundle.ui-testing";
		};
/* End PBXNativeTarget section */

/* Begin PBXProject section */
		CA166C57221EBEB70038DD3C /* Project object */ = {
			isa = PBXProject;
			attributes = {
				LastSwiftUpdateCheck = 1010;
				LastUpgradeCheck = 1010;
				ORGANIZATIONNAME = midbit;
				TargetAttributes = {
					CA166C5E221EBEB70038DD3C = {
						CreatedOnToolsVersion = 10.1;
					};
					CA166C72221EBEBA0038DD3C = {
						CreatedOnToolsVersion = 10.1;
						TestTargetID = CA166C5E221EBEB70038DD3C;
					};
					CA166C7D221EBEBA0038DD3C = {
						CreatedOnToolsVersion = 10.1;
						TestTargetID = CA166C5E221EBEB70038DD3C;
					};
				};
			};
			buildConfigurationList = CA166C5A221EBEB70038DD3C /* Build configuration list for PBXProject "RaView" */;
			compatibilityVersion = "Xcode 9.3";
			developmentRegion = en;
			hasScannedForEncodings = 0;
			knownRegions = (
				en,
				Base,
			);
			mainGroup = CA166C56221EBEB70038DD3C;
			productRefGroup = CA166C60221EBEB70038DD3C /* Products */;
			projectDirPath = "";
			projectRoot = "";
			targets = (
				CA166C5E221EBEB70038DD3C /* RaView */,
				CA166C72221EBEBA0038DD3C /* RaViewTests */,
				CA166C7D221EBEBA0038DD3C /* RaViewUITests */,
			);
		};
/* End PBXProject section */

/* Begin PBXResourcesBuildPhase section */
		CA166C5D221EBEB70038DD3C /* Resources */ = {
			isa = PBXResourcesBuildPhase;
			buildActionMask = 2147483647;
			files = (
				CA97BD4422292DB600E304FF /* Second.storyboard in Resources */,
				CA97BC132226F5A100E304FF /* First.storyboard in Resources */,
				CA166C6D221EBEB90038DD3C /* LaunchScreen.storyboard in Resources */,
				CA97BD5322477FA400E304FF /* Post.storyboard in Resources */,
				CA166C6A221EBEB90038DD3C /* Assets.xcassets in Resources */,
				CA97BD4622292DC600E304FF /* Third.storyboard in Resources */,
				CA97BD4E2233624800E304FF /* GoogleService-Info.plist in Resources */,
			);
			runOnlyForDeploymentPostprocessing = 0;
		};
		CA166C71221EBEBA0038DD3C /* Resources */ = {
			isa = PBXResourcesBuildPhase;
			buildActionMask = 2147483647;
			files = (
			);
			runOnlyForDeploymentPostprocessing = 0;
		};
		CA166C7C221EBEBA0038DD3C /* Resources */ = {
			isa = PBXResourcesBuildPhase;
			buildActionMask = 2147483647;
			files = (
			);
			runOnlyForDeploymentPostprocessing = 0;
		};
/* End PBXResourcesBuildPhase section */

/* Begin PBXShellScriptBuildPhase section */
		117BD36D2D132CF312CE15A4 /* [CP] Embed Pods Frameworks */ = {
			isa = PBXShellScriptBuildPhase;
			buildActionMask = 2147483647;
			files = (
			);
			inputFileListPaths = (
			);
			inputPaths = (
				"${PODS_ROOT}/Target Support Files/Pods-RaView/Pods-RaView-frameworks.sh",
				"${BUILT_PRODUCTS_DIR}/BoringSSL-GRPC/openssl_grpc.framework",
				"${BUILT_PRODUCTS_DIR}/FontAwesome.swift/FontAwesome_swift.framework",
				"${BUILT_PRODUCTS_DIR}/GoogleUtilities/GoogleUtilities.framework",
				"${BUILT_PRODUCTS_DIR}/Protobuf/Protobuf.framework",
				"${BUILT_PRODUCTS_DIR}/UITextView+Placeholder/UITextView_Placeholder.framework",
				"${BUILT_PRODUCTS_DIR}/gRPC-C++/grpcpp.framework",
				"${BUILT_PRODUCTS_DIR}/gRPC-Core/grpc.framework",
				"${BUILT_PRODUCTS_DIR}/leveldb-library/leveldb.framework",
				"${BUILT_PRODUCTS_DIR}/nanopb/nanopb.framework",
			);
			name = "[CP] Embed Pods Frameworks";
			outputFileListPaths = (
			);
			outputPaths = (
				"${TARGET_BUILD_DIR}/${FRAMEWORKS_FOLDER_PATH}/openssl_grpc.framework",
				"${TARGET_BUILD_DIR}/${FRAMEWORKS_FOLDER_PATH}/FontAwesome_swift.framework",
				"${TARGET_BUILD_DIR}/${FRAMEWORKS_FOLDER_PATH}/GoogleUtilities.framework",
				"${TARGET_BUILD_DIR}/${FRAMEWORKS_FOLDER_PATH}/Protobuf.framework",
				"${TARGET_BUILD_DIR}/${FRAMEWORKS_FOLDER_PATH}/UITextView_Placeholder.framework",
				"${TARGET_BUILD_DIR}/${FRAMEWORKS_FOLDER_PATH}/grpcpp.framework",
				"${TARGET_BUILD_DIR}/${FRAMEWORKS_FOLDER_PATH}/grpc.framework",
				"${TARGET_BUILD_DIR}/${FRAMEWORKS_FOLDER_PATH}/leveldb.framework",
				"${TARGET_BUILD_DIR}/${FRAMEWORKS_FOLDER_PATH}/nanopb.framework",
			);
			runOnlyForDeploymentPostprocessing = 0;
			shellPath = /bin/sh;
			shellScript = "\"${PODS_ROOT}/Target Support Files/Pods-RaView/Pods-RaView-frameworks.sh\"\n";
			showEnvVarsInLog = 0;
		};
		61D64BC418F0A4CC6A0B7AA2 /* [CP] Check Pods Manifest.lock */ = {
			isa = PBXShellScriptBuildPhase;
			buildActionMask = 2147483647;
			files = (
			);
			inputFileListPaths = (
			);
			inputPaths = (
				"${PODS_PODFILE_DIR_PATH}/Podfile.lock",
				"${PODS_ROOT}/Manifest.lock",
			);
			name = "[CP] Check Pods Manifest.lock";
			outputFileListPaths = (
			);
			outputPaths = (
				"$(DERIVED_FILE_DIR)/Pods-RaViewUITests-checkManifestLockResult.txt",
			);
			runOnlyForDeploymentPostprocessing = 0;
			shellPath = /bin/sh;
			shellScript = "diff \"${PODS_PODFILE_DIR_PATH}/Podfile.lock\" \"${PODS_ROOT}/Manifest.lock\" > /dev/null\nif [ $? != 0 ] ; then\n    # print error to STDERR\n    echo \"error: The sandbox is not in sync with the Podfile.lock. Run 'pod install' or update your CocoaPods installation.\" >&2\n    exit 1\nfi\n# This output is used by Xcode 'outputs' to avoid re-running this script phase.\necho \"SUCCESS\" > \"${SCRIPT_OUTPUT_FILE_0}\"\n";
			showEnvVarsInLog = 0;
		};
		B95A4FFA2A40F8431EEF0CC1 /* [CP] Check Pods Manifest.lock */ = {
			isa = PBXShellScriptBuildPhase;
			buildActionMask = 2147483647;
			files = (
			);
			inputFileListPaths = (
			);
			inputPaths = (
				"${PODS_PODFILE_DIR_PATH}/Podfile.lock",
				"${PODS_ROOT}/Manifest.lock",
			);
			name = "[CP] Check Pods Manifest.lock";
			outputFileListPaths = (
			);
			outputPaths = (
				"$(DERIVED_FILE_DIR)/Pods-RaView-checkManifestLockResult.txt",
			);
			runOnlyForDeploymentPostprocessing = 0;
			shellPath = /bin/sh;
			shellScript = "diff \"${PODS_PODFILE_DIR_PATH}/Podfile.lock\" \"${PODS_ROOT}/Manifest.lock\" > /dev/null\nif [ $? != 0 ] ; then\n    # print error to STDERR\n    echo \"error: The sandbox is not in sync with the Podfile.lock. Run 'pod install' or update your CocoaPods installation.\" >&2\n    exit 1\nfi\n# This output is used by Xcode 'outputs' to avoid re-running this script phase.\necho \"SUCCESS\" > \"${SCRIPT_OUTPUT_FILE_0}\"\n";
			showEnvVarsInLog = 0;
		};
		D07DE31B1A849D2D7D4AD6B2 /* [CP] Check Pods Manifest.lock */ = {
			isa = PBXShellScriptBuildPhase;
			buildActionMask = 2147483647;
			files = (
			);
			inputFileListPaths = (
			);
			inputPaths = (
				"${PODS_PODFILE_DIR_PATH}/Podfile.lock",
				"${PODS_ROOT}/Manifest.lock",
			);
			name = "[CP] Check Pods Manifest.lock";
			outputFileListPaths = (
			);
			outputPaths = (
				"$(DERIVED_FILE_DIR)/Pods-RaViewTests-checkManifestLockResult.txt",
			);
			runOnlyForDeploymentPostprocessing = 0;
			shellPath = /bin/sh;
			shellScript = "diff \"${PODS_PODFILE_DIR_PATH}/Podfile.lock\" \"${PODS_ROOT}/Manifest.lock\" > /dev/null\nif [ $? != 0 ] ; then\n    # print error to STDERR\n    echo \"error: The sandbox is not in sync with the Podfile.lock. Run 'pod install' or update your CocoaPods installation.\" >&2\n    exit 1\nfi\n# This output is used by Xcode 'outputs' to avoid re-running this script phase.\necho \"SUCCESS\" > \"${SCRIPT_OUTPUT_FILE_0}\"\n";
			showEnvVarsInLog = 0;
		};
/* End PBXShellScriptBuildPhase section */

/* Begin PBXSourcesBuildPhase section */
		CA166C5B221EBEB70038DD3C /* Sources */ = {
			isa = PBXSourcesBuildPhase;
			buildActionMask = 2147483647;
			files = (
				CA97BD4A22293F9100E304FF /* CustomNavigationBar.swift in Sources */,
				CA166C65221EBEB70038DD3C /* FirstViewController.swift in Sources */,
				CA97BD4822293D8E00E304FF /* CustomNavigationController.swift in Sources */,
				CA97BD5122477BD500E304FF /* PostViewController.swift in Sources */,
				CA97BD4C222948D900E304FF /* MainTabBarController.swift in Sources */,
				CA166C63221EBEB70038DD3C /* AppDelegate.swift in Sources */,
				CA97BD42222922E200E304FF /* ThirdViewController.swift in Sources */,
				CA97BD402229225300E304FF /* SecondViewContrller.swift in Sources */,
			);
			runOnlyForDeploymentPostprocessing = 0;
		};
		CA166C6F221EBEBA0038DD3C /* Sources */ = {
			isa = PBXSourcesBuildPhase;
			buildActionMask = 2147483647;
			files = (
				CA166C78221EBEBA0038DD3C /* RaViewTests.swift in Sources */,
			);
			runOnlyForDeploymentPostprocessing = 0;
		};
		CA166C7A221EBEBA0038DD3C /* Sources */ = {
			isa = PBXSourcesBuildPhase;
			buildActionMask = 2147483647;
			files = (
				CA166C83221EBEBA0038DD3C /* RaViewUITests.swift in Sources */,
			);
			runOnlyForDeploymentPostprocessing = 0;
		};
/* End PBXSourcesBuildPhase section */

/* Begin PBXTargetDependency section */
		CA166C75221EBEBA0038DD3C /* PBXTargetDependency */ = {
			isa = PBXTargetDependency;
			target = CA166C5E221EBEB70038DD3C /* RaView */;
			targetProxy = CA166C74221EBEBA0038DD3C /* PBXContainerItemProxy */;
		};
		CA166C80221EBEBA0038DD3C /* PBXTargetDependency */ = {
			isa = PBXTargetDependency;
			target = CA166C5E221EBEB70038DD3C /* RaView */;
			targetProxy = CA166C7F221EBEBA0038DD3C /* PBXContainerItemProxy */;
		};
/* End PBXTargetDependency section */

/* Begin PBXVariantGroup section */
		CA166C6B221EBEB90038DD3C /* LaunchScreen.storyboard */ = {
			isa = PBXVariantGroup;
			children = (
				CA166C6C221EBEB90038DD3C /* Base */,
			);
			name = LaunchScreen.storyboard;
			sourceTree = "<group>";
		};
		CA97BC112226F5A100E304FF /* First.storyboard */ = {
			isa = PBXVariantGroup;
			children = (
				CA97BC122226F5A100E304FF /* Base */,
			);
			name = First.storyboard;
			sourceTree = "<group>";
		};
/* End PBXVariantGroup section */

/* Begin XCBuildConfiguration section */
		CA166C85221EBEBA0038DD3C /* Debug */ = {
			isa = XCBuildConfiguration;
			buildSettings = {
				ALWAYS_SEARCH_USER_PATHS = NO;
				CLANG_ANALYZER_NONNULL = YES;
				CLANG_ANALYZER_NUMBER_OBJECT_CONVERSION = YES_AGGRESSIVE;
				CLANG_CXX_LANGUAGE_STANDARD = "gnu++14";
				CLANG_CXX_LIBRARY = "libc++";
				CLANG_ENABLE_MODULES = YES;
				CLANG_ENABLE_OBJC_ARC = YES;
				CLANG_ENABLE_OBJC_WEAK = YES;
				CLANG_WARN_BLOCK_CAPTURE_AUTORELEASING = YES;
				CLANG_WARN_BOOL_CONVERSION = YES;
				CLANG_WARN_COMMA = YES;
				CLANG_WARN_CONSTANT_CONVERSION = YES;
				CLANG_WARN_DEPRECATED_OBJC_IMPLEMENTATIONS = YES;
				CLANG_WARN_DIRECT_OBJC_ISA_USAGE = YES_ERROR;
				CLANG_WARN_DOCUMENTATION_COMMENTS = YES;
				CLANG_WARN_EMPTY_BODY = YES;
				CLANG_WARN_ENUM_CONVERSION = YES;
				CLANG_WARN_INFINITE_RECURSION = YES;
				CLANG_WARN_INT_CONVERSION = YES;
				CLANG_WARN_NON_LITERAL_NULL_CONVERSION = YES;
				CLANG_WARN_OBJC_IMPLICIT_RETAIN_SELF = YES;
				CLANG_WARN_OBJC_LITERAL_CONVERSION = YES;
				CLANG_WARN_OBJC_ROOT_CLASS = YES_ERROR;
				CLANG_WARN_RANGE_LOOP_ANALYSIS = YES;
				CLANG_WARN_STRICT_PROTOTYPES = YES;
				CLANG_WARN_SUSPICIOUS_MOVE = YES;
				CLANG_WARN_UNGUARDED_AVAILABILITY = YES_AGGRESSIVE;
				CLANG_WARN_UNREACHABLE_CODE = YES;
				CLANG_WARN__DUPLICATE_METHOD_MATCH = YES;
				CODE_SIGN_IDENTITY = "iPhone Developer";
				COPY_PHASE_STRIP = NO;
				DEBUG_INFORMATION_FORMAT = dwarf;
				ENABLE_STRICT_OBJC_MSGSEND = YES;
				ENABLE_TESTABILITY = YES;
				GCC_C_LANGUAGE_STANDARD = gnu11;
				GCC_DYNAMIC_NO_PIC = NO;
				GCC_NO_COMMON_BLOCKS = YES;
				GCC_OPTIMIZATION_LEVEL = 0;
				GCC_PREPROCESSOR_DEFINITIONS = (
					"DEBUG=1",
					"$(inherited)",
				);
				GCC_WARN_64_TO_32_BIT_CONVERSION = YES;
				GCC_WARN_ABOUT_RETURN_TYPE = YES_ERROR;
				GCC_WARN_UNDECLARED_SELECTOR = YES;
				GCC_WARN_UNINITIALIZED_AUTOS = YES_AGGRESSIVE;
				GCC_WARN_UNUSED_FUNCTION = YES;
				GCC_WARN_UNUSED_VARIABLE = YES;
				IPHONEOS_DEPLOYMENT_TARGET = 12.1;
				MTL_ENABLE_DEBUG_INFO = INCLUDE_SOURCE;
				MTL_FAST_MATH = YES;
				ONLY_ACTIVE_ARCH = YES;
				SDKROOT = iphoneos;
				SWIFT_ACTIVE_COMPILATION_CONDITIONS = DEBUG;
				SWIFT_OPTIMIZATION_LEVEL = "-Onone";
			};
			name = Debug;
		};
		CA166C86221EBEBA0038DD3C /* Release */ = {
			isa = XCBuildConfiguration;
			buildSettings = {
				ALWAYS_SEARCH_USER_PATHS = NO;
				CLANG_ANALYZER_NONNULL = YES;
				CLANG_ANALYZER_NUMBER_OBJECT_CONVERSION = YES_AGGRESSIVE;
				CLANG_CXX_LANGUAGE_STANDARD = "gnu++14";
				CLANG_CXX_LIBRARY = "libc++";
				CLANG_ENABLE_MODULES = YES;
				CLANG_ENABLE_OBJC_ARC = YES;
				CLANG_ENABLE_OBJC_WEAK = YES;
				CLANG_WARN_BLOCK_CAPTURE_AUTORELEASING = YES;
				CLANG_WARN_BOOL_CONVERSION = YES;
				CLANG_WARN_COMMA = YES;
				CLANG_WARN_CONSTANT_CONVERSION = YES;
				CLANG_WARN_DEPRECATED_OBJC_IMPLEMENTATIONS = YES;
				CLANG_WARN_DIRECT_OBJC_ISA_USAGE = YES_ERROR;
				CLANG_WARN_DOCUMENTATION_COMMENTS = YES;
				CLANG_WARN_EMPTY_BODY = YES;
				CLANG_WARN_ENUM_CONVERSION = YES;
				CLANG_WARN_INFINITE_RECURSION = YES;
				CLANG_WARN_INT_CONVERSION = YES;
				CLANG_WARN_NON_LITERAL_NULL_CONVERSION = YES;
				CLANG_WARN_OBJC_IMPLICIT_RETAIN_SELF = YES;
				CLANG_WARN_OBJC_LITERAL_CONVERSION = YES;
				CLANG_WARN_OBJC_ROOT_CLASS = YES_ERROR;
				CLANG_WARN_RANGE_LOOP_ANALYSIS = YES;
				CLANG_WARN_STRICT_PROTOTYPES = YES;
				CLANG_WARN_SUSPICIOUS_MOVE = YES;
				CLANG_WARN_UNGUARDED_AVAILABILITY = YES_AGGRESSIVE;
				CLANG_WARN_UNREACHABLE_CODE = YES;
				CLANG_WARN__DUPLICATE_METHOD_MATCH = YES;
				CODE_SIGN_IDENTITY = "iPhone Developer";
				COPY_PHASE_STRIP = NO;
				DEBUG_INFORMATION_FORMAT = "dwarf-with-dsym";
				ENABLE_NS_ASSERTIONS = NO;
				ENABLE_STRICT_OBJC_MSGSEND = YES;
				GCC_C_LANGUAGE_STANDARD = gnu11;
				GCC_NO_COMMON_BLOCKS = YES;
				GCC_WARN_64_TO_32_BIT_CONVERSION = YES;
				GCC_WARN_ABOUT_RETURN_TYPE = YES_ERROR;
				GCC_WARN_UNDECLARED_SELECTOR = YES;
				GCC_WARN_UNINITIALIZED_AUTOS = YES_AGGRESSIVE;
				GCC_WARN_UNUSED_FUNCTION = YES;
				GCC_WARN_UNUSED_VARIABLE = YES;
				IPHONEOS_DEPLOYMENT_TARGET = 12.1;
				MTL_ENABLE_DEBUG_INFO = NO;
				MTL_FAST_MATH = YES;
				SDKROOT = iphoneos;
				SWIFT_COMPILATION_MODE = wholemodule;
				SWIFT_OPTIMIZATION_LEVEL = "-O";
				VALIDATE_PRODUCT = YES;
			};
			name = Release;
		};
		CA166C88221EBEBA0038DD3C /* Debug */ = {
			isa = XCBuildConfiguration;
			baseConfigurationReference = 45074C71FCD05B4C23F8875E /* Pods-RaView.debug.xcconfig */;
			buildSettings = {
				ASSETCATALOG_COMPILER_APPICON_NAME = AppIcon;
				CODE_SIGN_STYLE = Automatic;
				DEVELOPMENT_TEAM = 5HR5F9VN39;
				INFOPLIST_FILE = RaView/Info.plist;
				LD_RUNPATH_SEARCH_PATHS = (
					"$(inherited)",
					"@executable_path/Frameworks",
				);
				PRODUCT_BUNDLE_IDENTIFIER = com.example.RaView;
				PRODUCT_NAME = "$(TARGET_NAME)";
				SWIFT_VERSION = 4.2;
				TARGETED_DEVICE_FAMILY = "1,2";
			};
			name = Debug;
		};
		CA166C89221EBEBA0038DD3C /* Release */ = {
			isa = XCBuildConfiguration;
			baseConfigurationReference = 483D4803F228B34B29FDF719 /* Pods-RaView.release.xcconfig */;
			buildSettings = {
				ASSETCATALOG_COMPILER_APPICON_NAME = AppIcon;
				CODE_SIGN_STYLE = Automatic;
				DEVELOPMENT_TEAM = 5HR5F9VN39;
				INFOPLIST_FILE = RaView/Info.plist;
				LD_RUNPATH_SEARCH_PATHS = (
					"$(inherited)",
					"@executable_path/Frameworks",
				);
				PRODUCT_BUNDLE_IDENTIFIER = com.example.RaView;
				PRODUCT_NAME = "$(TARGET_NAME)";
				SWIFT_VERSION = 4.2;
				TARGETED_DEVICE_FAMILY = "1,2";
			};
			name = Release;
		};
		CA166C8B221EBEBA0038DD3C /* Debug */ = {
			isa = XCBuildConfiguration;
			baseConfigurationReference = DF1DA9239B252D13FD847537 /* Pods-RaViewTests.debug.xcconfig */;
			buildSettings = {
				ALWAYS_EMBED_SWIFT_STANDARD_LIBRARIES = YES;
				BUNDLE_LOADER = "$(TEST_HOST)";
				CODE_SIGN_STYLE = Automatic;
				DEVELOPMENT_TEAM = 5HR5F9VN39;
				INFOPLIST_FILE = RaViewTests/Info.plist;
				LD_RUNPATH_SEARCH_PATHS = (
					"$(inherited)",
					"@executable_path/Frameworks",
					"@loader_path/Frameworks",
				);
				PRODUCT_BUNDLE_IDENTIFIER = com.example.RaViewTests;
				PRODUCT_NAME = "$(TARGET_NAME)";
				SWIFT_VERSION = 4.2;
				TARGETED_DEVICE_FAMILY = "1,2";
				TEST_HOST = "$(BUILT_PRODUCTS_DIR)/RaView.app/RaView";
			};
			name = Debug;
		};
		CA166C8C221EBEBA0038DD3C /* Release */ = {
			isa = XCBuildConfiguration;
			baseConfigurationReference = FDBD4DC7E5472A549254B226 /* Pods-RaViewTests.release.xcconfig */;
			buildSettings = {
				ALWAYS_EMBED_SWIFT_STANDARD_LIBRARIES = YES;
				BUNDLE_LOADER = "$(TEST_HOST)";
				CODE_SIGN_STYLE = Automatic;
				DEVELOPMENT_TEAM = 5HR5F9VN39;
				INFOPLIST_FILE = RaViewTests/Info.plist;
				LD_RUNPATH_SEARCH_PATHS = (
					"$(inherited)",
					"@executable_path/Frameworks",
					"@loader_path/Frameworks",
				);
				PRODUCT_BUNDLE_IDENTIFIER = com.example.RaViewTests;
				PRODUCT_NAME = "$(TARGET_NAME)";
				SWIFT_VERSION = 4.2;
				TARGETED_DEVICE_FAMILY = "1,2";
				TEST_HOST = "$(BUILT_PRODUCTS_DIR)/RaView.app/RaView";
			};
			name = Release;
		};
		CA166C8E221EBEBA0038DD3C /* Debug */ = {
			isa = XCBuildConfiguration;
			baseConfigurationReference = FA73A28ACAC7E41B097F0E7E /* Pods-RaViewUITests.debug.xcconfig */;
			buildSettings = {
				ALWAYS_EMBED_SWIFT_STANDARD_LIBRARIES = YES;
				CODE_SIGN_STYLE = Automatic;
				DEVELOPMENT_TEAM = 5HR5F9VN39;
				INFOPLIST_FILE = RaViewUITests/Info.plist;
				LD_RUNPATH_SEARCH_PATHS = (
					"$(inherited)",
					"@executable_path/Frameworks",
					"@loader_path/Frameworks",
				);
				PRODUCT_BUNDLE_IDENTIFIER = com.example.RaViewUITests;
				PRODUCT_NAME = "$(TARGET_NAME)";
				SWIFT_VERSION = 4.2;
				TARGETED_DEVICE_FAMILY = "1,2";
				TEST_TARGET_NAME = RaView;
			};
			name = Debug;
		};
		CA166C8F221EBEBA0038DD3C /* Release */ = {
			isa = XCBuildConfiguration;
			baseConfigurationReference = E8C37C929C5028774AE7CD8D /* Pods-RaViewUITests.release.xcconfig */;
			buildSettings = {
				ALWAYS_EMBED_SWIFT_STANDARD_LIBRARIES = YES;
				CODE_SIGN_STYLE = Automatic;
				DEVELOPMENT_TEAM = 5HR5F9VN39;
				INFOPLIST_FILE = RaViewUITests/Info.plist;
				LD_RUNPATH_SEARCH_PATHS = (
					"$(inherited)",
					"@executable_path/Frameworks",
					"@loader_path/Frameworks",
				);
				PRODUCT_BUNDLE_IDENTIFIER = com.example.RaViewUITests;
				PRODUCT_NAME = "$(TARGET_NAME)";
				SWIFT_VERSION = 4.2;
				TARGETED_DEVICE_FAMILY = "1,2";
				TEST_TARGET_NAME = RaView;
			};
			name = Release;
		};
/* End XCBuildConfiguration section */

/* Begin XCConfigurationList section */
		CA166C5A221EBEB70038DD3C /* Build configuration list for PBXProject "RaView" */ = {
			isa = XCConfigurationList;
			buildConfigurations = (
				CA166C85221EBEBA0038DD3C /* Debug */,
				CA166C86221EBEBA0038DD3C /* Release */,
			);
			defaultConfigurationIsVisible = 0;
			defaultConfigurationName = Release;
		};
		CA166C87221EBEBA0038DD3C /* Build configuration list for PBXNativeTarget "RaView" */ = {
			isa = XCConfigurationList;
			buildConfigurations = (
				CA166C88221EBEBA0038DD3C /* Debug */,
				CA166C89221EBEBA0038DD3C /* Release */,
			);
			defaultConfigurationIsVisible = 0;
			defaultConfigurationName = Release;
		};
		CA166C8A221EBEBA0038DD3C /* Build configuration list for PBXNativeTarget "RaViewTests" */ = {
			isa = XCConfigurationList;
			buildConfigurations = (
				CA166C8B221EBEBA0038DD3C /* Debug */,
				CA166C8C221EBEBA0038DD3C /* Release */,
			);
			defaultConfigurationIsVisible = 0;
			defaultConfigurationName = Release;
		};
		CA166C8D221EBEBA0038DD3C /* Build configuration list for PBXNativeTarget "RaViewUITests" */ = {
			isa = XCConfigurationList;
			buildConfigurations = (
				CA166C8E221EBEBA0038DD3C /* Debug */,
				CA166C8F221EBEBA0038DD3C /* Release */,
			);
			defaultConfigurationIsVisible = 0;
			defaultConfigurationName = Release;
		};
/* End XCConfigurationList section */
	};
	rootObject = CA166C57221EBEB70038DD3C /* Project object */;
}
